<?xml version="1.0" encoding="UTF-8" standalone="yes" ?>
<CodeBlocks_project_file>
	<FileVersion major="1" minor="6" />
	<Project>
		<Option title="cza1" />
		<Option pch_mode="2" />
		<Option compiler="gcc" />
		<Build>
			<Target title="Debug">
				<Option output="bin/Debug/cza1" prefix_auto="1" extension_auto="1" />
				<Option object_output="obj/Debug/" />
				<Option type="1" />
				<Option compiler="gcc" />
				<Compiler>
					<Add option="-g" />
				</Compiler>
			</Target>
			<Target title="Release">
				<Option output="bin/Release/cza1" prefix_auto="1" extension_auto="1" />
				<Option object_output="obj/Release/" />
				<Option type="1" />
				<Option compiler="gcc" />
				<Compiler>
					<Add option="-O2" />
				</Compiler>
				<Linker>
					<Add option="-s" />
				</Linker>
			</Target>
		</Build>
		<Compiler>
			<Add option="-Wall" />
		</Compiler>
		<Unit filename="../../../librcsc_CSU_Yunlu/AUTHORS" />
		<Unit filename="../../../librcsc_CSU_Yunlu/COPYING.LESSER" />
		<Unit filename="../../../librcsc_CSU_Yunlu/ChangeLog" />
		<Unit filename="../../../librcsc_CSU_Yunlu/Doxyfile" />
		<Unit filename="../../../librcsc_CSU_Yunlu/Doxyfile.in" />
		<Unit filename="../../../librcsc_CSU_Yunlu/INSTALL" />
		<Unit filename="../../../librcsc_CSU_Yunlu/Makefile" />
		<Unit filename="../../../librcsc_CSU_Yunlu/Makefile.am" />
		<Unit filename="../../../librcsc_CSU_Yunlu/Makefile.in" />
		<Unit filename="../../../librcsc_CSU_Yunlu/NEWS" />
		<Unit filename="../../../librcsc_CSU_Yunlu/NEWS.en" />
		<Unit filename="../../../librcsc_CSU_Yunlu/README" />
		<Unit filename="../../../librcsc_CSU_Yunlu/aclocal.m4" />
		<Unit filename="../../../librcsc_CSU_Yunlu/bootstrap" />
		<Unit filename="../../../librcsc_CSU_Yunlu/config.h" />
		<Unit filename="../../../librcsc_CSU_Yunlu/config.h.in" />
		<Unit filename="../../../librcsc_CSU_Yunlu/config.log" />
		<Unit filename="../../../librcsc_CSU_Yunlu/config.status" />
		<Unit filename="../../../librcsc_CSU_Yunlu/config/config.guess" />
		<Unit filename="../../../librcsc_CSU_Yunlu/config/config.sub" />
		<Unit filename="../../../librcsc_CSU_Yunlu/config/depcomp" />
		<Unit filename="../../../librcsc_CSU_Yunlu/config/install-sh" />
		<Unit filename="../../../librcsc_CSU_Yunlu/config/ltmain.sh" />
		<Unit filename="../../../librcsc_CSU_Yunlu/config/missing" />
		<Unit filename="../../../librcsc_CSU_Yunlu/configure" />
		<Unit filename="../../../librcsc_CSU_Yunlu/configure.ac" />
		<Unit filename="../../../librcsc_CSU_Yunlu/example/Makefile" />
		<Unit filename="../../../librcsc_CSU_Yunlu/example/Makefile.am" />
		<Unit filename="../../../librcsc_CSU_Yunlu/example/Makefile.in" />
		<Unit filename="../../../librcsc_CSU_Yunlu/example/gzifstream_main.cpp" />
		<Unit filename="../../../librcsc_CSU_Yunlu/example/gzofstream_main.cpp" />
		<Unit filename="../../../librcsc_CSU_Yunlu/example/loader_main.cpp" />
		<Unit filename="../../../librcsc_CSU_Yunlu/example/param_main.cpp" />
		<Unit filename="../../../librcsc_CSU_Yunlu/example/result_writer.cpp" />
		<Unit filename="../../../librcsc_CSU_Yunlu/example/result_writer.h" />
		<Unit filename="../../../librcsc_CSU_Yunlu/example/result_writer_main.cpp" />
		<Unit filename="../../../librcsc_CSU_Yunlu/librcsc-config" />
		<Unit filename="../../../librcsc_CSU_Yunlu/librcsc-config.in" />
		<Unit filename="../../../librcsc_CSU_Yunlu/librcsc.pc" />
		<Unit filename="../../../librcsc_CSU_Yunlu/librcsc.pc.in" />
		<Unit filename="../../../librcsc_CSU_Yunlu/librcsc.spec" />
		<Unit filename="../../../librcsc_CSU_Yunlu/librcsc.spec.in" />
		<Unit filename="../../../librcsc_CSU_Yunlu/librcscenv" />
		<Unit filename="../../../librcsc_CSU_Yunlu/librcscenv.in" />
		<Unit filename="../../../librcsc_CSU_Yunlu/libtool" />
		<Unit filename="../../../librcsc_CSU_Yunlu/m4/ax_boost_base.m4" />
		<Unit filename="../../../librcsc_CSU_Yunlu/m4/cppunit.m4" />
		<Unit filename="../../../librcsc_CSU_Yunlu/m4/libtool.m4" />
		<Unit filename="../../../librcsc_CSU_Yunlu/m4/ltoptions.m4" />
		<Unit filename="../../../librcsc_CSU_Yunlu/m4/ltsugar.m4" />
		<Unit filename="../../../librcsc_CSU_Yunlu/m4/ltversion.m4" />
		<Unit filename="../../../librcsc_CSU_Yunlu/m4/lt~obsolete.m4" />
		<Unit filename="../../../librcsc_CSU_Yunlu/rcsc/Makefile" />
		<Unit filename="../../../librcsc_CSU_Yunlu/rcsc/Makefile.am" />
		<Unit filename="../../../librcsc_CSU_Yunlu/rcsc/Makefile.in" />
		<Unit filename="../../../librcsc_CSU_Yunlu/rcsc/action/Makefile" />
		<Unit filename="../../../librcsc_CSU_Yunlu/rcsc/action/Makefile.am" />
		<Unit filename="../../../librcsc_CSU_Yunlu/rcsc/action/Makefile.in" />
		<Unit filename="../../../librcsc_CSU_Yunlu/rcsc/action/arm_off.h" />
		<Unit filename="../../../librcsc_CSU_Yunlu/rcsc/action/arm_point_to_point.h" />
		<Unit filename="../../../librcsc_CSU_Yunlu/rcsc/action/basic_actions.cpp" />
		<Unit filename="../../../librcsc_CSU_Yunlu/rcsc/action/basic_actions.h" />
		<Unit filename="../../../librcsc_CSU_Yunlu/rcsc/action/basic_actions.lo" />
		<Unit filename="../../../librcsc_CSU_Yunlu/rcsc/action/bhv_before_kick_off.cpp" />
		<Unit filename="../../../librcsc_CSU_Yunlu/rcsc/action/bhv_before_kick_off.h" />
		<Unit filename="../../../librcsc_CSU_Yunlu/rcsc/action/bhv_before_kick_off.lo" />
		<Unit filename="../../../librcsc_CSU_Yunlu/rcsc/action/bhv_body_neck_to_ball.h" />
		<Unit filename="../../../librcsc_CSU_Yunlu/rcsc/action/bhv_body_neck_to_point.h" />
		<Unit filename="../../../librcsc_CSU_Yunlu/rcsc/action/bhv_emergency.cpp" />
		<Unit filename="../../../librcsc_CSU_Yunlu/rcsc/action/bhv_emergency.h" />
		<Unit filename="../../../librcsc_CSU_Yunlu/rcsc/action/bhv_emergency.lo" />
		<Unit filename="../../../librcsc_CSU_Yunlu/rcsc/action/bhv_go_to_point_look_ball.cpp" />
		<Unit filename="../../../librcsc_CSU_Yunlu/rcsc/action/bhv_go_to_point_look_ball.h" />
		<Unit filename="../../../librcsc_CSU_Yunlu/rcsc/action/bhv_go_to_point_look_ball.lo" />
		<Unit filename="../../../librcsc_CSU_Yunlu/rcsc/action/bhv_neck_body_to_ball.h" />
		<Unit filename="../../../librcsc_CSU_Yunlu/rcsc/action/bhv_neck_body_to_point.h" />
		<Unit filename="../../../librcsc_CSU_Yunlu/rcsc/action/bhv_scan_field.cpp" />
		<Unit filename="../../../librcsc_CSU_Yunlu/rcsc/action/bhv_scan_field.h" />
		<Unit filename="../../../librcsc_CSU_Yunlu/rcsc/action/bhv_scan_field.lo" />
		<Unit filename="../../../librcsc_CSU_Yunlu/rcsc/action/bhv_shoot.h" />
		<Unit filename="../../../librcsc_CSU_Yunlu/rcsc/action/bhv_shoot2008.cpp" />
		<Unit filename="../../../librcsc_CSU_Yunlu/rcsc/action/bhv_shoot2008.h" />
		<Unit filename="../../../librcsc_CSU_Yunlu/rcsc/action/bhv_shoot2008.lo" />
		<Unit filename="../../../librcsc_CSU_Yunlu/rcsc/action/body_advance_ball.h" />
		<Unit filename="../../../librcsc_CSU_Yunlu/rcsc/action/body_advance_ball2009.cpp" />
		<Unit filename="../../../librcsc_CSU_Yunlu/rcsc/action/body_advance_ball2009.h" />
		<Unit filename="../../../librcsc_CSU_Yunlu/rcsc/action/body_advance_ball2009.lo" />
		<Unit filename="../../../librcsc_CSU_Yunlu/rcsc/action/body_clear_ball.h" />
		<Unit filename="../../../librcsc_CSU_Yunlu/rcsc/action/body_clear_ball2009.cpp" />
		<Unit filename="../../../librcsc_CSU_Yunlu/rcsc/action/body_clear_ball2009.h" />
		<Unit filename="../../../librcsc_CSU_Yunlu/rcsc/action/body_clear_ball2009.lo" />
		<Unit filename="../../../librcsc_CSU_Yunlu/rcsc/action/body_dribble.h" />
		<Unit filename="../../../librcsc_CSU_Yunlu/rcsc/action/body_dribble2008.cpp" />
		<Unit filename="../../../librcsc_CSU_Yunlu/rcsc/action/body_dribble2008.h" />
		<Unit filename="../../../librcsc_CSU_Yunlu/rcsc/action/body_dribble2008.lo" />
		<Unit filename="../../../librcsc_CSU_Yunlu/rcsc/action/body_go_to_point.h" />
		<Unit filename="../../../librcsc_CSU_Yunlu/rcsc/action/body_go_to_point2009.cpp" />
		<Unit filename="../../../librcsc_CSU_Yunlu/rcsc/action/body_go_to_point2009.h" />
		<Unit filename="../../../librcsc_CSU_Yunlu/rcsc/action/body_go_to_point2009.lo" />
		<Unit filename="../../../librcsc_CSU_Yunlu/rcsc/action/body_go_to_point2010.cpp" />
		<Unit filename="../../../librcsc_CSU_Yunlu/rcsc/action/body_go_to_point2010.h" />
		<Unit filename="../../../librcsc_CSU_Yunlu/rcsc/action/body_go_to_point2010.lo" />
		<Unit filename="../../../librcsc_CSU_Yunlu/rcsc/action/body_go_to_point_dodge.cpp" />
		<Unit filename="../../../librcsc_CSU_Yunlu/rcsc/action/body_go_to_point_dodge.h" />
		<Unit filename="../../../librcsc_CSU_Yunlu/rcsc/action/body_go_to_point_dodge.lo" />
		<Unit filename="../../../librcsc_CSU_Yunlu/rcsc/action/body_hold_ball.h" />
		<Unit filename="../../../librcsc_CSU_Yunlu/rcsc/action/body_hold_ball2008.cpp" />
		<Unit filename="../../../librcsc_CSU_Yunlu/rcsc/action/body_hold_ball2008.h" />
		<Unit filename="../../../librcsc_CSU_Yunlu/rcsc/action/body_hold_ball2008.lo" />
		<Unit filename="../../../librcsc_CSU_Yunlu/rcsc/action/body_intercept.h" />
		<Unit filename="../../../librcsc_CSU_Yunlu/rcsc/action/body_intercept2009.cpp" />
		<Unit filename="../../../librcsc_CSU_Yunlu/rcsc/action/body_intercept2009.h" />
		<Unit filename="../../../librcsc_CSU_Yunlu/rcsc/action/body_intercept2009.lo" />
		<Unit filename="../../../librcsc_CSU_Yunlu/rcsc/action/body_kick_collide_with_ball.cpp" />
		<Unit filename="../../../librcsc_CSU_Yunlu/rcsc/action/body_kick_collide_with_ball.h" />
		<Unit filename="../../../librcsc_CSU_Yunlu/rcsc/action/body_kick_collide_with_ball.lo" />
		<Unit filename="../../../librcsc_CSU_Yunlu/rcsc/action/body_kick_one_step.cpp" />
		<Unit filename="../../../librcsc_CSU_Yunlu/rcsc/action/body_kick_one_step.h" />
		<Unit filename="../../../librcsc_CSU_Yunlu/rcsc/action/body_kick_one_step.lo" />
		<Unit filename="../../../librcsc_CSU_Yunlu/rcsc/action/body_kick_to_relative.cpp" />
		<Unit filename="../../../librcsc_CSU_Yunlu/rcsc/action/body_kick_to_relative.h" />
		<Unit filename="../../../librcsc_CSU_Yunlu/rcsc/action/body_kick_to_relative.lo" />
		<Unit filename="../../../librcsc_CSU_Yunlu/rcsc/action/body_pass(error:Forward GK miss).cpp" />
		<Unit filename="../../../librcsc_CSU_Yunlu/rcsc/action/body_pass.cpp" />
		<Unit filename="../../../librcsc_CSU_Yunlu/rcsc/action/body_pass.h" />
		<Unit filename="../../../librcsc_CSU_Yunlu/rcsc/action/body_pass.lo" />
		<Unit filename="../../../librcsc_CSU_Yunlu/rcsc/action/body_smart_kick.cpp" />
		<Unit filename="../../../librcsc_CSU_Yunlu/rcsc/action/body_smart_kick.h" />
		<Unit filename="../../../librcsc_CSU_Yunlu/rcsc/action/body_smart_kick.lo" />
		<Unit filename="../../../librcsc_CSU_Yunlu/rcsc/action/body_stop_ball.cpp" />
		<Unit filename="../../../librcsc_CSU_Yunlu/rcsc/action/body_stop_ball.h" />
		<Unit filename="../../../librcsc_CSU_Yunlu/rcsc/action/body_stop_ball.lo" />
		<Unit filename="../../../librcsc_CSU_Yunlu/rcsc/action/body_stop_dash.cpp" />
		<Unit filename="../../../librcsc_CSU_Yunlu/rcsc/action/body_stop_dash.h" />
		<Unit filename="../../../librcsc_CSU_Yunlu/rcsc/action/body_stop_dash.lo" />
		<Unit filename="../../../librcsc_CSU_Yunlu/rcsc/action/body_tackle_to_point.h" />
		<Unit filename="../../../librcsc_CSU_Yunlu/rcsc/action/body_turn_to_angle.h" />
		<Unit filename="../../../librcsc_CSU_Yunlu/rcsc/action/body_turn_to_ball.h" />
		<Unit filename="../../../librcsc_CSU_Yunlu/rcsc/action/body_turn_to_point.h" />
		<Unit filename="../../../librcsc_CSU_Yunlu/rcsc/action/intention_dribble2008.cpp" />
		<Unit filename="../../../librcsc_CSU_Yunlu/rcsc/action/intention_dribble2008.h" />
		<Unit filename="../../../librcsc_CSU_Yunlu/rcsc/action/intention_dribble2008.lo" />
		<Unit filename="../../../librcsc_CSU_Yunlu/rcsc/action/intention_time_limit_action.cpp" />
		<Unit filename="../../../librcsc_CSU_Yunlu/rcsc/action/intention_time_limit_action.h" />
		<Unit filename="../../../librcsc_CSU_Yunlu/rcsc/action/intention_time_limit_action.lo" />
		<Unit filename="../../../librcsc_CSU_Yunlu/rcsc/action/kick_table.cpp" />
		<Unit filename="../../../librcsc_CSU_Yunlu/rcsc/action/kick_table.h" />
		<Unit filename="../../../librcsc_CSU_Yunlu/rcsc/action/kick_table.lo" />
		<Unit filename="../../../librcsc_CSU_Yunlu/rcsc/action/librcsc_action.la" />
		<Unit filename="../../../librcsc_CSU_Yunlu/rcsc/action/neck_scan_field.cpp" />
		<Unit filename="../../../librcsc_CSU_Yunlu/rcsc/action/neck_scan_field.h" />
		<Unit filename="../../../librcsc_CSU_Yunlu/rcsc/action/neck_scan_field.lo" />
		<Unit filename="../../../librcsc_CSU_Yunlu/rcsc/action/neck_scan_players.cpp" />
		<Unit filename="../../../librcsc_CSU_Yunlu/rcsc/action/neck_scan_players.h" />
		<Unit filename="../../../librcsc_CSU_Yunlu/rcsc/action/neck_scan_players.lo" />
		<Unit filename="../../../librcsc_CSU_Yunlu/rcsc/action/neck_turn_to_ball.h" />
		<Unit filename="../../../librcsc_CSU_Yunlu/rcsc/action/neck_turn_to_ball_and_player.cpp" />
		<Unit filename="../../../librcsc_CSU_Yunlu/rcsc/action/neck_turn_to_ball_and_player.h" />
		<Unit filename="../../../librcsc_CSU_Yunlu/rcsc/action/neck_turn_to_ball_and_player.lo" />
		<Unit filename="../../../librcsc_CSU_Yunlu/rcsc/action/neck_turn_to_ball_or_scan.cpp" />
		<Unit filename="../../../librcsc_CSU_Yunlu/rcsc/action/neck_turn_to_ball_or_scan.h" />
		<Unit filename="../../../librcsc_CSU_Yunlu/rcsc/action/neck_turn_to_ball_or_scan.lo" />
		<Unit filename="../../../librcsc_CSU_Yunlu/rcsc/action/neck_turn_to_goalie_or_scan.cpp" />
		<Unit filename="../../../librcsc_CSU_Yunlu/rcsc/action/neck_turn_to_goalie_or_scan.h" />
		<Unit filename="../../../librcsc_CSU_Yunlu/rcsc/action/neck_turn_to_goalie_or_scan.lo" />
		<Unit filename="../../../librcsc_CSU_Yunlu/rcsc/action/neck_turn_to_low_conf_teammate.cpp" />
		<Unit filename="../../../librcsc_CSU_Yunlu/rcsc/action/neck_turn_to_low_conf_teammate.h" />
		<Unit filename="../../../librcsc_CSU_Yunlu/rcsc/action/neck_turn_to_low_conf_teammate.lo" />
		<Unit filename="../../../librcsc_CSU_Yunlu/rcsc/action/neck_turn_to_player_or_scan.cpp" />
		<Unit filename="../../../librcsc_CSU_Yunlu/rcsc/action/neck_turn_to_player_or_scan.h" />
		<Unit filename="../../../librcsc_CSU_Yunlu/rcsc/action/neck_turn_to_player_or_scan.lo" />
		<Unit filename="../../../librcsc_CSU_Yunlu/rcsc/action/neck_turn_to_point.h" />
		<Unit filename="../../../librcsc_CSU_Yunlu/rcsc/action/neck_turn_to_relative.h" />
		<Unit filename="../../../librcsc_CSU_Yunlu/rcsc/action/shoot_table2008.cpp" />
		<Unit filename="../../../librcsc_CSU_Yunlu/rcsc/action/shoot_table2008.h" />
		<Unit filename="../../../librcsc_CSU_Yunlu/rcsc/action/shoot_table2008.lo" />
		<Unit filename="../../../librcsc_CSU_Yunlu/rcsc/action/view_change_width.h" />
		<Unit filename="../../../librcsc_CSU_Yunlu/rcsc/action/view_normal.h" />
		<Unit filename="../../../librcsc_CSU_Yunlu/rcsc/action/view_synch.cpp" />
		<Unit filename="../../../librcsc_CSU_Yunlu/rcsc/action/view_synch.h" />
		<Unit filename="../../../librcsc_CSU_Yunlu/rcsc/action/view_synch.lo" />
		<Unit filename="../../../librcsc_CSU_Yunlu/rcsc/action/view_wide.h" />
		<Unit filename="../../../librcsc_CSU_Yunlu/rcsc/ann/Makefile" />
		<Unit filename="../../../librcsc_CSU_Yunlu/rcsc/ann/Makefile.am" />
		<Unit filename="../../../librcsc_CSU_Yunlu/rcsc/ann/Makefile.in" />
		<Unit filename="../../../librcsc_CSU_Yunlu/rcsc/ann/bpn1.h" />
		<Unit filename="../../../librcsc_CSU_Yunlu/rcsc/ann/librcsc_ann.la" />
		<Unit filename="../../../librcsc_CSU_Yunlu/rcsc/ann/ngnet.cpp" />
		<Unit filename="../../../librcsc_CSU_Yunlu/rcsc/ann/ngnet.h" />
		<Unit filename="../../../librcsc_CSU_Yunlu/rcsc/ann/ngnet.lo" />
		<Unit filename="../../../librcsc_CSU_Yunlu/rcsc/ann/rbf.cpp" />
		<Unit filename="../../../librcsc_CSU_Yunlu/rcsc/ann/rbf.h" />
		<Unit filename="../../../librcsc_CSU_Yunlu/rcsc/ann/rbf.lo" />
		<Unit filename="../../../librcsc_CSU_Yunlu/rcsc/coach/Makefile" />
		<Unit filename="../../../librcsc_CSU_Yunlu/rcsc/coach/Makefile.am" />
		<Unit filename="../../../librcsc_CSU_Yunlu/rcsc/coach/Makefile.in" />
		<Unit filename="../../../librcsc_CSU_Yunlu/rcsc/coach/coach_agent.cpp" />
		<Unit filename="../../../librcsc_CSU_Yunlu/rcsc/coach/coach_agent.h" />
		<Unit filename="../../../librcsc_CSU_Yunlu/rcsc/coach/coach_agent.lo" />
		<Unit filename="../../../librcsc_CSU_Yunlu/rcsc/coach/coach_audio_sensor.cpp" />
		<Unit filename="../../../librcsc_CSU_Yunlu/rcsc/coach/coach_audio_sensor.h" />
		<Unit filename="../../../librcsc_CSU_Yunlu/rcsc/coach/coach_audio_sensor.lo" />
		<Unit filename="../../../librcsc_CSU_Yunlu/rcsc/coach/coach_command.cpp" />
		<Unit filename="../../../librcsc_CSU_Yunlu/rcsc/coach/coach_command.h" />
		<Unit filename="../../../librcsc_CSU_Yunlu/rcsc/coach/coach_command.lo" />
		<Unit filename="../../../librcsc_CSU_Yunlu/rcsc/coach/coach_config.cpp" />
		<Unit filename="../../../librcsc_CSU_Yunlu/rcsc/coach/coach_config.h" />
		<Unit filename="../../../librcsc_CSU_Yunlu/rcsc/coach/coach_config.lo" />
		<Unit filename="../../../librcsc_CSU_Yunlu/rcsc/coach/coach_debug_client.cpp" />
		<Unit filename="../../../librcsc_CSU_Yunlu/rcsc/coach/coach_debug_client.h" />
		<Unit filename="../../../librcsc_CSU_Yunlu/rcsc/coach/coach_debug_client.lo" />
		<Unit filename="../../../librcsc_CSU_Yunlu/rcsc/coach/global_object.cpp" />
		<Unit filename="../../../librcsc_CSU_Yunlu/rcsc/coach/global_object.h" />
		<Unit filename="../../../librcsc_CSU_Yunlu/rcsc/coach/global_object.lo" />
		<Unit filename="../../../librcsc_CSU_Yunlu/rcsc/coach/global_visual_sensor.cpp" />
		<Unit filename="../../../librcsc_CSU_Yunlu/rcsc/coach/global_visual_sensor.h" />
		<Unit filename="../../../librcsc_CSU_Yunlu/rcsc/coach/global_visual_sensor.lo" />
		<Unit filename="../../../librcsc_CSU_Yunlu/rcsc/coach/global_world_model.cpp" />
		<Unit filename="../../../librcsc_CSU_Yunlu/rcsc/coach/global_world_model.h" />
		<Unit filename="../../../librcsc_CSU_Yunlu/rcsc/coach/global_world_model.lo" />
		<Unit filename="../../../librcsc_CSU_Yunlu/rcsc/coach/librcsc_coach.la" />
		<Unit filename="../../../librcsc_CSU_Yunlu/rcsc/coach/player_type_analyzer.cpp" />
		<Unit filename="../../../librcsc_CSU_Yunlu/rcsc/coach/player_type_analyzer.h" />
		<Unit filename="../../../librcsc_CSU_Yunlu/rcsc/coach/player_type_analyzer.lo" />
		<Unit filename="../../../librcsc_CSU_Yunlu/rcsc/common/Makefile" />
		<Unit filename="../../../librcsc_CSU_Yunlu/rcsc/common/Makefile.am" />
		<Unit filename="../../../librcsc_CSU_Yunlu/rcsc/common/Makefile.in" />
		<Unit filename="../../../librcsc_CSU_Yunlu/rcsc/common/audio_codec.cpp" />
		<Unit filename="../../../librcsc_CSU_Yunlu/rcsc/common/audio_codec.h" />
		<Unit filename="../../../librcsc_CSU_Yunlu/rcsc/common/audio_codec.lo" />
		<Unit filename="../../../librcsc_CSU_Yunlu/rcsc/common/audio_memory.cpp" />
		<Unit filename="../../../librcsc_CSU_Yunlu/rcsc/common/audio_memory.h" />
		<Unit filename="../../../librcsc_CSU_Yunlu/rcsc/common/audio_memory.lo" />
		<Unit filename="../../../librcsc_CSU_Yunlu/rcsc/common/audio_message.h" />
		<Unit filename="../../../librcsc_CSU_Yunlu/rcsc/common/basic_client.cpp" />
		<Unit filename="../../../librcsc_CSU_Yunlu/rcsc/common/basic_client.h" />
		<Unit filename="../../../librcsc_CSU_Yunlu/rcsc/common/basic_client.lo" />
		<Unit filename="../../../librcsc_CSU_Yunlu/rcsc/common/free_message_parser.h" />
		<Unit filename="../../../librcsc_CSU_Yunlu/rcsc/common/librcsc_common.la" />
		<Unit filename="../../../librcsc_CSU_Yunlu/rcsc/common/logger.cpp" />
		<Unit filename="../../../librcsc_CSU_Yunlu/rcsc/common/logger.h" />
		<Unit filename="../../../librcsc_CSU_Yunlu/rcsc/common/logger.lo" />
		<Unit filename="../../../librcsc_CSU_Yunlu/rcsc/common/periodic_callback.h" />
		<Unit filename="../../../librcsc_CSU_Yunlu/rcsc/common/player_param.cpp" />
		<Unit filename="../../../librcsc_CSU_Yunlu/rcsc/common/player_param.h" />
		<Unit filename="../../../librcsc_CSU_Yunlu/rcsc/common/player_param.lo" />
		<Unit filename="../../../librcsc_CSU_Yunlu/rcsc/common/player_type.cpp" />
		<Unit filename="../../../librcsc_CSU_Yunlu/rcsc/common/player_type.h" />
		<Unit filename="../../../librcsc_CSU_Yunlu/rcsc/common/player_type.lo" />
		<Unit filename="../../../librcsc_CSU_Yunlu/rcsc/common/say_message_parser.cpp" />
		<Unit filename="../../../librcsc_CSU_Yunlu/rcsc/common/say_message_parser.h" />
		<Unit filename="../../../librcsc_CSU_Yunlu/rcsc/common/say_message_parser.lo" />
		<Unit filename="../../../librcsc_CSU_Yunlu/rcsc/common/server_param.cpp" />
		<Unit filename="../../../librcsc_CSU_Yunlu/rcsc/common/server_param.h" />
		<Unit filename="../../../librcsc_CSU_Yunlu/rcsc/common/server_param.lo" />
		<Unit filename="../../../librcsc_CSU_Yunlu/rcsc/common/soccer_agent.cpp" />
		<Unit filename="../../../librcsc_CSU_Yunlu/rcsc/common/soccer_agent.h" />
		<Unit filename="../../../librcsc_CSU_Yunlu/rcsc/common/soccer_agent.lo" />
		<Unit filename="../../../librcsc_CSU_Yunlu/rcsc/common/stamina_model.cpp" />
		<Unit filename="../../../librcsc_CSU_Yunlu/rcsc/common/stamina_model.h" />
		<Unit filename="../../../librcsc_CSU_Yunlu/rcsc/common/stamina_model.lo" />
		<Unit filename="../../../librcsc_CSU_Yunlu/rcsc/common/team_graphic.cpp" />
		<Unit filename="../../../librcsc_CSU_Yunlu/rcsc/common/team_graphic.h" />
		<Unit filename="../../../librcsc_CSU_Yunlu/rcsc/common/team_graphic.lo" />
		<Unit filename="../../../librcsc_CSU_Yunlu/rcsc/factory.h" />
		<Unit filename="../../../librcsc_CSU_Yunlu/rcsc/formation/Makefile" />
		<Unit filename="../../../librcsc_CSU_Yunlu/rcsc/formation/Makefile.am" />
		<Unit filename="../../../librcsc_CSU_Yunlu/rcsc/formation/Makefile.in" />
		<Unit filename="../../../librcsc_CSU_Yunlu/rcsc/formation/formation.cpp" />
		<Unit filename="../../../librcsc_CSU_Yunlu/rcsc/formation/formation.h" />
		<Unit filename="../../../librcsc_CSU_Yunlu/rcsc/formation/formation.lo" />
		<Unit filename="../../../librcsc_CSU_Yunlu/rcsc/formation/formation_bpn.cpp" />
		<Unit filename="../../../librcsc_CSU_Yunlu/rcsc/formation/formation_bpn.h" />
		<Unit filename="../../../librcsc_CSU_Yunlu/rcsc/formation/formation_bpn.lo" />
		<Unit filename="../../../librcsc_CSU_Yunlu/rcsc/formation/formation_cdt.cpp" />
		<Unit filename="../../../librcsc_CSU_Yunlu/rcsc/formation/formation_cdt.h" />
		<Unit filename="../../../librcsc_CSU_Yunlu/rcsc/formation/formation_cdt.lo" />
		<Unit filename="../../../librcsc_CSU_Yunlu/rcsc/formation/formation_dt.cpp" />
		<Unit filename="../../../librcsc_CSU_Yunlu/rcsc/formation/formation_dt.h" />
		<Unit filename="../../../librcsc_CSU_Yunlu/rcsc/formation/formation_dt.lo" />
		<Unit filename="../../../librcsc_CSU_Yunlu/rcsc/formation/formation_knn.cpp" />
		<Unit filename="../../../librcsc_CSU_Yunlu/rcsc/formation/formation_knn.h" />
		<Unit filename="../../../librcsc_CSU_Yunlu/rcsc/formation/formation_knn.lo" />
		<Unit filename="../../../librcsc_CSU_Yunlu/rcsc/formation/formation_ngnet.cpp" />
		<Unit filename="../../../librcsc_CSU_Yunlu/rcsc/formation/formation_ngnet.h" />
		<Unit filename="../../../librcsc_CSU_Yunlu/rcsc/formation/formation_ngnet.lo" />
		<Unit filename="../../../librcsc_CSU_Yunlu/rcsc/formation/formation_rbf.cpp" />
		<Unit filename="../../../librcsc_CSU_Yunlu/rcsc/formation/formation_rbf.h" />
		<Unit filename="../../../librcsc_CSU_Yunlu/rcsc/formation/formation_rbf.lo" />
		<Unit filename="../../../librcsc_CSU_Yunlu/rcsc/formation/formation_sbsp.cpp" />
		<Unit filename="../../../librcsc_CSU_Yunlu/rcsc/formation/formation_sbsp.h" />
		<Unit filename="../../../librcsc_CSU_Yunlu/rcsc/formation/formation_sbsp.lo" />
		<Unit filename="../../../librcsc_CSU_Yunlu/rcsc/formation/formation_static.cpp" />
		<Unit filename="../../../librcsc_CSU_Yunlu/rcsc/formation/formation_static.h" />
		<Unit filename="../../../librcsc_CSU_Yunlu/rcsc/formation/formation_static.lo" />
		<Unit filename="../../../librcsc_CSU_Yunlu/rcsc/formation/formation_uva.cpp" />
		<Unit filename="../../../librcsc_CSU_Yunlu/rcsc/formation/formation_uva.h" />
		<Unit filename="../../../librcsc_CSU_Yunlu/rcsc/formation/formation_uva.lo" />
		<Unit filename="../../../librcsc_CSU_Yunlu/rcsc/formation/librcsc_formation.la" />
		<Unit filename="../../../librcsc_CSU_Yunlu/rcsc/formation/sample_data.cpp" />
		<Unit filename="../../../librcsc_CSU_Yunlu/rcsc/formation/sample_data.h" />
		<Unit filename="../../../librcsc_CSU_Yunlu/rcsc/formation/sample_data.lo" />
		<Unit filename="../../../librcsc_CSU_Yunlu/rcsc/game_mode.h" />
		<Unit filename="../../../librcsc_CSU_Yunlu/rcsc/game_time.h" />
		<Unit filename="../../../librcsc_CSU_Yunlu/rcsc/geom.h" />
		<Unit filename="../../../librcsc_CSU_Yunlu/rcsc/geom/Makefile" />
		<Unit filename="../../../librcsc_CSU_Yunlu/rcsc/geom/Makefile.am" />
		<Unit filename="../../../librcsc_CSU_Yunlu/rcsc/geom/Makefile.in" />
		<Unit filename="../../../librcsc_CSU_Yunlu/rcsc/geom/angle_deg.cpp" />
		<Unit filename="../../../librcsc_CSU_Yunlu/rcsc/geom/angle_deg.h" />
		<Unit filename="../../../librcsc_CSU_Yunlu/rcsc/geom/angle_deg.lo" />
		<Unit filename="../../../librcsc_CSU_Yunlu/rcsc/geom/circle_2d.cpp" />
		<Unit filename="../../../librcsc_CSU_Yunlu/rcsc/geom/circle_2d.h" />
		<Unit filename="../../../librcsc_CSU_Yunlu/rcsc/geom/circle_2d.lo" />
		<Unit filename="../../../librcsc_CSU_Yunlu/rcsc/geom/composite_region_2d.cpp" />
		<Unit filename="../../../librcsc_CSU_Yunlu/rcsc/geom/composite_region_2d.h" />
		<Unit filename="../../../librcsc_CSU_Yunlu/rcsc/geom/composite_region_2d.lo" />
		<Unit filename="../../../librcsc_CSU_Yunlu/rcsc/geom/convex_hull.cpp" />
		<Unit filename="../../../librcsc_CSU_Yunlu/rcsc/geom/convex_hull.h" />
		<Unit filename="../../../librcsc_CSU_Yunlu/rcsc/geom/convex_hull.lo" />
		<Unit filename="../../../librcsc_CSU_Yunlu/rcsc/geom/delaunay_triangulation.cpp" />
		<Unit filename="../../../librcsc_CSU_Yunlu/rcsc/geom/delaunay_triangulation.h" />
		<Unit filename="../../../librcsc_CSU_Yunlu/rcsc/geom/delaunay_triangulation.lo" />
		<Unit filename="../../../librcsc_CSU_Yunlu/rcsc/geom/librcsc_geom.la" />
		<Unit filename="../../../librcsc_CSU_Yunlu/rcsc/geom/line_2d.cpp" />
		<Unit filename="../../../librcsc_CSU_Yunlu/rcsc/geom/line_2d.h" />
		<Unit filename="../../../librcsc_CSU_Yunlu/rcsc/geom/line_2d.lo" />
		<Unit filename="../../../librcsc_CSU_Yunlu/rcsc/geom/matrix_2d.cpp" />
		<Unit filename="../../../librcsc_CSU_Yunlu/rcsc/geom/matrix_2d.h" />
		<Unit filename="../../../librcsc_CSU_Yunlu/rcsc/geom/matrix_2d.lo" />
		<Unit filename="../../../librcsc_CSU_Yunlu/rcsc/geom/polygon_2d.cpp" />
		<Unit filename="../../../librcsc_CSU_Yunlu/rcsc/geom/polygon_2d.h" />
		<Unit filename="../../../librcsc_CSU_Yunlu/rcsc/geom/polygon_2d.lo" />
		<Unit filename="../../../librcsc_CSU_Yunlu/rcsc/geom/ray_2d.cpp" />
		<Unit filename="../../../librcsc_CSU_Yunlu/rcsc/geom/ray_2d.h" />
		<Unit filename="../../../librcsc_CSU_Yunlu/rcsc/geom/ray_2d.lo" />
		<Unit filename="../../../librcsc_CSU_Yunlu/rcsc/geom/rect_2d.cpp" />
		<Unit filename="../../../librcsc_CSU_Yunlu/rcsc/geom/rect_2d.h" />
		<Unit filename="../../../librcsc_CSU_Yunlu/rcsc/geom/rect_2d.lo" />
		<Unit filename="../../../librcsc_CSU_Yunlu/rcsc/geom/region_2d.h" />
		<Unit filename="../../../librcsc_CSU_Yunlu/rcsc/geom/sector_2d.cpp" />
		<Unit filename="../../../librcsc_CSU_Yunlu/rcsc/geom/sector_2d.h" />
		<Unit filename="../../../librcsc_CSU_Yunlu/rcsc/geom/sector_2d.lo" />
		<Unit filename="../../../librcsc_CSU_Yunlu/rcsc/geom/segment_2d.cpp" />
		<Unit filename="../../../librcsc_CSU_Yunlu/rcsc/geom/segment_2d.h" />
		<Unit filename="../../../librcsc_CSU_Yunlu/rcsc/geom/segment_2d.lo" />
		<Unit filename="../../../librcsc_CSU_Yunlu/rcsc/geom/size_2d.h" />
		<Unit filename="../../../librcsc_CSU_Yunlu/rcsc/geom/test_convex_hull.cpp" />
		<Unit filename="../../../librcsc_CSU_Yunlu/rcsc/geom/test_matrix_2d.cpp" />
		<Unit filename="../../../librcsc_CSU_Yunlu/rcsc/geom/test_polygon_2d.cpp" />
		<Unit filename="../../../librcsc_CSU_Yunlu/rcsc/geom/test_rect_2d.cpp" />
		<Unit filename="../../../librcsc_CSU_Yunlu/rcsc/geom/test_rundom_convex_hull.cpp" />
		<Unit filename="../../../librcsc_CSU_Yunlu/rcsc/geom/test_segment_2d.cpp" />
		<Unit filename="../../../librcsc_CSU_Yunlu/rcsc/geom/test_triangle_2d.cpp" />
		<Unit filename="../../../librcsc_CSU_Yunlu/rcsc/geom/test_vector_2d.cpp" />
		<Unit filename="../../../librcsc_CSU_Yunlu/rcsc/geom/test_voronoi_diagram.cpp" />
		<Unit filename="../../../librcsc_CSU_Yunlu/rcsc/geom/triangle/A.poly" />
		<Unit filename="../../../librcsc_CSU_Yunlu/rcsc/geom/triangle/Makefile" />
		<Unit filename="../../../librcsc_CSU_Yunlu/rcsc/geom/triangle/Makefile.am" />
		<Unit filename="../../../librcsc_CSU_Yunlu/rcsc/geom/triangle/Makefile.in" />
		<Unit filename="../../../librcsc_CSU_Yunlu/rcsc/geom/triangle/README" />
		<Unit filename="../../../librcsc_CSU_Yunlu/rcsc/geom/triangle/librcsc_geom_triangle.la" />
		<Unit filename="../../../librcsc_CSU_Yunlu/rcsc/geom/triangle/librcsc_geom_triangle_la-triangle.lo" />
		<Unit filename="../../../librcsc_CSU_Yunlu/rcsc/geom/triangle/makefile.org" />
		<Unit filename="../../../librcsc_CSU_Yunlu/rcsc/geom/triangle/showme.c">
			<Option compilerVar="CC" />
		</Unit>
		<Unit filename="../../../librcsc_CSU_Yunlu/rcsc/geom/triangle/triangle.c">
			<Option compilerVar="CC" />
		</Unit>
		<Unit filename="../../../librcsc_CSU_Yunlu/rcsc/geom/triangle/triangle.h" />
		<Unit filename="../../../librcsc_CSU_Yunlu/rcsc/geom/triangle/tricall.c">
			<Option compilerVar="CC" />
		</Unit>
		<Unit filename="../../../librcsc_CSU_Yunlu/rcsc/geom/triangle_2d.cpp" />
		<Unit filename="../../../librcsc_CSU_Yunlu/rcsc/geom/triangle_2d.h" />
		<Unit filename="../../../librcsc_CSU_Yunlu/rcsc/geom/triangle_2d.lo" />
		<Unit filename="../../../librcsc_CSU_Yunlu/rcsc/geom/triangulation.cpp" />
		<Unit filename="../../../librcsc_CSU_Yunlu/rcsc/geom/triangulation.h" />
		<Unit filename="../../../librcsc_CSU_Yunlu/rcsc/geom/triangulation.lo" />
		<Unit filename="../../../librcsc_CSU_Yunlu/rcsc/geom/vector_2d.cpp" />
		<Unit filename="../../../librcsc_CSU_Yunlu/rcsc/geom/vector_2d.h" />
		<Unit filename="../../../librcsc_CSU_Yunlu/rcsc/geom/vector_2d.lo" />
		<Unit filename="../../../librcsc_CSU_Yunlu/rcsc/geom/voronoi_diagram.h" />
		<Unit filename="../../../librcsc_CSU_Yunlu/rcsc/geom/voronoi_diagram_original.cpp" />
		<Unit filename="../../../librcsc_CSU_Yunlu/rcsc/geom/voronoi_diagram_original.h" />
		<Unit filename="../../../librcsc_CSU_Yunlu/rcsc/geom/voronoi_diagram_original.lo" />
		<Unit filename="../../../librcsc_CSU_Yunlu/rcsc/geom/voronoi_diagram_triangle.cpp" />
		<Unit filename="../../../librcsc_CSU_Yunlu/rcsc/geom/voronoi_diagram_triangle.h" />
		<Unit filename="../../../librcsc_CSU_Yunlu/rcsc/geom/voronoi_diagram_triangle.lo" />
		<Unit filename="../../../librcsc_CSU_Yunlu/rcsc/gz.h" />
		<Unit filename="../../../librcsc_CSU_Yunlu/rcsc/gz/Makefile" />
		<Unit filename="../../../librcsc_CSU_Yunlu/rcsc/gz/Makefile.am" />
		<Unit filename="../../../librcsc_CSU_Yunlu/rcsc/gz/Makefile.in" />
		<Unit filename="../../../librcsc_CSU_Yunlu/rcsc/gz/gzcompressor.cpp" />
		<Unit filename="../../../librcsc_CSU_Yunlu/rcsc/gz/gzcompressor.h" />
		<Unit filename="../../../librcsc_CSU_Yunlu/rcsc/gz/gzcompressor.lo" />
		<Unit filename="../../../librcsc_CSU_Yunlu/rcsc/gz/gzfilterstream.cpp" />
		<Unit filename="../../../librcsc_CSU_Yunlu/rcsc/gz/gzfilterstream.h" />
		<Unit filename="../../../librcsc_CSU_Yunlu/rcsc/gz/gzfilterstream.lo" />
		<Unit filename="../../../librcsc_CSU_Yunlu/rcsc/gz/gzfstream.cpp" />
		<Unit filename="../../../librcsc_CSU_Yunlu/rcsc/gz/gzfstream.h" />
		<Unit filename="../../../librcsc_CSU_Yunlu/rcsc/gz/gzfstream.lo" />
		<Unit filename="../../../librcsc_CSU_Yunlu/rcsc/gz/librcsc_gz.la" />
		<Unit filename="../../../librcsc_CSU_Yunlu/rcsc/librcsc_agent.la" />
		<Unit filename="../../../librcsc_CSU_Yunlu/rcsc/math_util.h" />
		<Unit filename="../../../librcsc_CSU_Yunlu/rcsc/monitor/Makefile" />
		<Unit filename="../../../librcsc_CSU_Yunlu/rcsc/monitor/Makefile.am" />
		<Unit filename="../../../librcsc_CSU_Yunlu/rcsc/monitor/Makefile.in" />
		<Unit filename="../../../librcsc_CSU_Yunlu/rcsc/monitor/librcsc_monitor.la" />
		<Unit filename="../../../librcsc_CSU_Yunlu/rcsc/monitor/monitor_command.cpp" />
		<Unit filename="../../../librcsc_CSU_Yunlu/rcsc/monitor/monitor_command.h" />
		<Unit filename="../../../librcsc_CSU_Yunlu/rcsc/monitor/monitor_command.lo" />
		<Unit filename="../../../librcsc_CSU_Yunlu/rcsc/net/Makefile" />
		<Unit filename="../../../librcsc_CSU_Yunlu/rcsc/net/Makefile.am" />
		<Unit filename="../../../librcsc_CSU_Yunlu/rcsc/net/Makefile.in" />
		<Unit filename="../../../librcsc_CSU_Yunlu/rcsc/net/basic_socket.cpp" />
		<Unit filename="../../../librcsc_CSU_Yunlu/rcsc/net/basic_socket.h" />
		<Unit filename="../../../librcsc_CSU_Yunlu/rcsc/net/basic_socket.lo" />
		<Unit filename="../../../librcsc_CSU_Yunlu/rcsc/net/librcsc_net.la" />
		<Unit filename="../../../librcsc_CSU_Yunlu/rcsc/net/tcp_socket.cpp" />
		<Unit filename="../../../librcsc_CSU_Yunlu/rcsc/net/tcp_socket.h" />
		<Unit filename="../../../librcsc_CSU_Yunlu/rcsc/net/tcp_socket.lo" />
		<Unit filename="../../../librcsc_CSU_Yunlu/rcsc/net/udp_socket.cpp" />
		<Unit filename="../../../librcsc_CSU_Yunlu/rcsc/net/udp_socket.h" />
		<Unit filename="../../../librcsc_CSU_Yunlu/rcsc/net/udp_socket.lo" />
		<Unit filename="../../../librcsc_CSU_Yunlu/rcsc/param/Makefile" />
		<Unit filename="../../../librcsc_CSU_Yunlu/rcsc/param/Makefile.am" />
		<Unit filename="../../../librcsc_CSU_Yunlu/rcsc/param/Makefile.in" />
		<Unit filename="../../../librcsc_CSU_Yunlu/rcsc/param/cmd_line_parser.cpp" />
		<Unit filename="../../../librcsc_CSU_Yunlu/rcsc/param/cmd_line_parser.h" />
		<Unit filename="../../../librcsc_CSU_Yunlu/rcsc/param/cmd_line_parser.lo" />
		<Unit filename="../../../librcsc_CSU_Yunlu/rcsc/param/conf_file_parser.cpp" />
		<Unit filename="../../../librcsc_CSU_Yunlu/rcsc/param/conf_file_parser.h" />
		<Unit filename="../../../librcsc_CSU_Yunlu/rcsc/param/conf_file_parser.lo" />
		<Unit filename="../../../librcsc_CSU_Yunlu/rcsc/param/librcsc_param.la" />
		<Unit filename="../../../librcsc_CSU_Yunlu/rcsc/param/param_map.cpp" />
		<Unit filename="../../../librcsc_CSU_Yunlu/rcsc/param/param_map.h" />
		<Unit filename="../../../librcsc_CSU_Yunlu/rcsc/param/param_map.lo" />
		<Unit filename="../../../librcsc_CSU_Yunlu/rcsc/param/param_parser.h" />
		<Unit filename="../../../librcsc_CSU_Yunlu/rcsc/param/rcss_param_parser.cpp" />
		<Unit filename="../../../librcsc_CSU_Yunlu/rcsc/param/rcss_param_parser.h" />
		<Unit filename="../../../librcsc_CSU_Yunlu/rcsc/param/rcss_param_parser.lo" />
		<Unit filename="../../../librcsc_CSU_Yunlu/rcsc/player/Makefile" />
		<Unit filename="../../../librcsc_CSU_Yunlu/rcsc/player/Makefile.am" />
		<Unit filename="../../../librcsc_CSU_Yunlu/rcsc/player/Makefile.in" />
		<Unit filename="../../../librcsc_CSU_Yunlu/rcsc/player/abstract_player_object.cpp" />
		<Unit filename="../../../librcsc_CSU_Yunlu/rcsc/player/abstract_player_object.h" />
		<Unit filename="../../../librcsc_CSU_Yunlu/rcsc/player/abstract_player_object.lo" />
		<Unit filename="../../../librcsc_CSU_Yunlu/rcsc/player/action_effector.cpp" />
		<Unit filename="../../../librcsc_CSU_Yunlu/rcsc/player/action_effector.h" />
		<Unit filename="../../../librcsc_CSU_Yunlu/rcsc/player/action_effector.lo" />
		<Unit filename="../../../librcsc_CSU_Yunlu/rcsc/player/audio_sensor.cpp" />
		<Unit filename="../../../librcsc_CSU_Yunlu/rcsc/player/audio_sensor.h" />
		<Unit filename="../../../librcsc_CSU_Yunlu/rcsc/player/audio_sensor.lo" />
		<Unit filename="../../../librcsc_CSU_Yunlu/rcsc/player/ball_object.cpp" />
		<Unit filename="../../../librcsc_CSU_Yunlu/rcsc/player/ball_object.h" />
		<Unit filename="../../../librcsc_CSU_Yunlu/rcsc/player/ball_object.lo" />
		<Unit filename="../../../librcsc_CSU_Yunlu/rcsc/player/body_sensor.cpp" />
		<Unit filename="../../../librcsc_CSU_Yunlu/rcsc/player/body_sensor.h" />
		<Unit filename="../../../librcsc_CSU_Yunlu/rcsc/player/body_sensor.lo" />
		<Unit filename="../../../librcsc_CSU_Yunlu/rcsc/player/debug_client.cpp" />
		<Unit filename="../../../librcsc_CSU_Yunlu/rcsc/player/debug_client.h" />
		<Unit filename="../../../librcsc_CSU_Yunlu/rcsc/player/debug_client.lo" />
		<Unit filename="../../../librcsc_CSU_Yunlu/rcsc/player/free_message.h" />
		<Unit filename="../../../librcsc_CSU_Yunlu/rcsc/player/freeform_parser.cpp" />
		<Unit filename="../../../librcsc_CSU_Yunlu/rcsc/player/freeform_parser.h" />
		<Unit filename="../../../librcsc_CSU_Yunlu/rcsc/player/freeform_parser.lo" />
		<Unit filename="../../../librcsc_CSU_Yunlu/rcsc/player/fullstate_sensor.cpp" />
		<Unit filename="../../../librcsc_CSU_Yunlu/rcsc/player/fullstate_sensor.h" />
		<Unit filename="../../../librcsc_CSU_Yunlu/rcsc/player/fullstate_sensor.lo" />
		<Unit filename="../../../librcsc_CSU_Yunlu/rcsc/player/intercept_table.cpp" />
		<Unit filename="../../../librcsc_CSU_Yunlu/rcsc/player/intercept_table.h" />
		<Unit filename="../../../librcsc_CSU_Yunlu/rcsc/player/intercept_table.lo" />
		<Unit filename="../../../librcsc_CSU_Yunlu/rcsc/player/librcsc_player.la" />
		<Unit filename="../../../librcsc_CSU_Yunlu/rcsc/player/localization.h" />
		<Unit filename="../../../librcsc_CSU_Yunlu/rcsc/player/localization_default.cpp" />
		<Unit filename="../../../librcsc_CSU_Yunlu/rcsc/player/localization_default.h" />
		<Unit filename="../../../librcsc_CSU_Yunlu/rcsc/player/localization_default.lo" />
		<Unit filename="../../../librcsc_CSU_Yunlu/rcsc/player/localization_pfilter.cpp" />
		<Unit filename="../../../librcsc_CSU_Yunlu/rcsc/player/localization_pfilter.h" />
		<Unit filename="../../../librcsc_CSU_Yunlu/rcsc/player/localization_pfilter.lo" />
		<Unit filename="../../../librcsc_CSU_Yunlu/rcsc/player/object_table.cpp" />
		<Unit filename="../../../librcsc_CSU_Yunlu/rcsc/player/object_table.h" />
		<Unit filename="../../../librcsc_CSU_Yunlu/rcsc/player/object_table.lo" />
		<Unit filename="../../../librcsc_CSU_Yunlu/rcsc/player/penalty_kick_state.cpp" />
		<Unit filename="../../../librcsc_CSU_Yunlu/rcsc/player/penalty_kick_state.h" />
		<Unit filename="../../../librcsc_CSU_Yunlu/rcsc/player/penalty_kick_state.lo" />
		<Unit filename="../../../librcsc_CSU_Yunlu/rcsc/player/player_agent.cpp" />
		<Unit filename="../../../librcsc_CSU_Yunlu/rcsc/player/player_agent.h" />
		<Unit filename="../../../librcsc_CSU_Yunlu/rcsc/player/player_agent.lo" />
		<Unit filename="../../../librcsc_CSU_Yunlu/rcsc/player/player_command.cpp" />
		<Unit filename="../../../librcsc_CSU_Yunlu/rcsc/player/player_command.h" />
		<Unit filename="../../../librcsc_CSU_Yunlu/rcsc/player/player_command.lo" />
		<Unit filename="../../../librcsc_CSU_Yunlu/rcsc/player/player_config.cpp" />
		<Unit filename="../../../librcsc_CSU_Yunlu/rcsc/player/player_config.h" />
		<Unit filename="../../../librcsc_CSU_Yunlu/rcsc/player/player_config.lo" />
		<Unit filename="../../../librcsc_CSU_Yunlu/rcsc/player/player_evaluator.h" />
		<Unit filename="../../../librcsc_CSU_Yunlu/rcsc/player/player_intercept.cpp" />
		<Unit filename="../../../librcsc_CSU_Yunlu/rcsc/player/player_intercept.h" />
		<Unit filename="../../../librcsc_CSU_Yunlu/rcsc/player/player_intercept.lo" />
		<Unit filename="../../../librcsc_CSU_Yunlu/rcsc/player/player_object.cpp" />
		<Unit filename="../../../librcsc_CSU_Yunlu/rcsc/player/player_object.h" />
		<Unit filename="../../../librcsc_CSU_Yunlu/rcsc/player/player_object.lo" />
		<Unit filename="../../../librcsc_CSU_Yunlu/rcsc/player/player_predicate.h" />
		<Unit filename="../../../librcsc_CSU_Yunlu/rcsc/player/say_message_builder.cpp" />
		<Unit filename="../../../librcsc_CSU_Yunlu/rcsc/player/say_message_builder.h" />
		<Unit filename="../../../librcsc_CSU_Yunlu/rcsc/player/say_message_builder.lo" />
		<Unit filename="../../../librcsc_CSU_Yunlu/rcsc/player/see_state.cpp" />
		<Unit filename="../../../librcsc_CSU_Yunlu/rcsc/player/see_state.h" />
		<Unit filename="../../../librcsc_CSU_Yunlu/rcsc/player/see_state.lo" />
		<Unit filename="../../../librcsc_CSU_Yunlu/rcsc/player/self_intercept_v13.cpp" />
		<Unit filename="../../../librcsc_CSU_Yunlu/rcsc/player/self_intercept_v13.h" />
		<Unit filename="../../../librcsc_CSU_Yunlu/rcsc/player/self_intercept_v13.lo" />
		<Unit filename="../../../librcsc_CSU_Yunlu/rcsc/player/self_object.cpp" />
		<Unit filename="../../../librcsc_CSU_Yunlu/rcsc/player/self_object.h" />
		<Unit filename="../../../librcsc_CSU_Yunlu/rcsc/player/self_object.lo" />
		<Unit filename="../../../librcsc_CSU_Yunlu/rcsc/player/soccer_action.cpp" />
		<Unit filename="../../../librcsc_CSU_Yunlu/rcsc/player/soccer_action.h" />
		<Unit filename="../../../librcsc_CSU_Yunlu/rcsc/player/soccer_action.lo" />
		<Unit filename="../../../librcsc_CSU_Yunlu/rcsc/player/soccer_intention.h" />
		<Unit filename="../../../librcsc_CSU_Yunlu/rcsc/player/view_area.h" />
		<Unit filename="../../../librcsc_CSU_Yunlu/rcsc/player/view_grid_map.cpp" />
		<Unit filename="../../../librcsc_CSU_Yunlu/rcsc/player/view_grid_map.h" />
		<Unit filename="../../../librcsc_CSU_Yunlu/rcsc/player/view_grid_map.lo" />
		<Unit filename="../../../librcsc_CSU_Yunlu/rcsc/player/view_mode.cpp" />
		<Unit filename="../../../librcsc_CSU_Yunlu/rcsc/player/view_mode.h" />
		<Unit filename="../../../librcsc_CSU_Yunlu/rcsc/player/view_mode.lo" />
		<Unit filename="../../../librcsc_CSU_Yunlu/rcsc/player/visual_sensor.cpp" />
		<Unit filename="../../../librcsc_CSU_Yunlu/rcsc/player/visual_sensor.h" />
		<Unit filename="../../../librcsc_CSU_Yunlu/rcsc/player/visual_sensor.lo" />
		<Unit filename="../../../librcsc_CSU_Yunlu/rcsc/player/world_model.cpp" />
		<Unit filename="../../../librcsc_CSU_Yunlu/rcsc/player/world_model.h" />
		<Unit filename="../../../librcsc_CSU_Yunlu/rcsc/player/world_model.lo" />
		<Unit filename="../../../librcsc_CSU_Yunlu/rcsc/random.h" />
		<Unit filename="../../../librcsc_CSU_Yunlu/rcsc/rcg.h" />
		<Unit filename="../../../librcsc_CSU_Yunlu/rcsc/rcg/Makefile" />
		<Unit filename="../../../librcsc_CSU_Yunlu/rcsc/rcg/Makefile.am" />
		<Unit filename="../../../librcsc_CSU_Yunlu/rcsc/rcg/Makefile.in" />
		<Unit filename="../../../librcsc_CSU_Yunlu/rcsc/rcg/handler.h" />
		<Unit filename="../../../librcsc_CSU_Yunlu/rcsc/rcg/holder.cpp" />
		<Unit filename="../../../librcsc_CSU_Yunlu/rcsc/rcg/holder.h" />
		<Unit filename="../../../librcsc_CSU_Yunlu/rcsc/rcg/holder.lo" />
		<Unit filename="../../../librcsc_CSU_Yunlu/rcsc/rcg/librcsc_rcg.la" />
		<Unit filename="../../../librcsc_CSU_Yunlu/rcsc/rcg/parser.cpp" />
		<Unit filename="../../../librcsc_CSU_Yunlu/rcsc/rcg/parser.h" />
		<Unit filename="../../../librcsc_CSU_Yunlu/rcsc/rcg/parser.lo" />
		<Unit filename="../../../librcsc_CSU_Yunlu/rcsc/rcg/parser_v1.cpp" />
		<Unit filename="../../../librcsc_CSU_Yunlu/rcsc/rcg/parser_v1.h" />
		<Unit filename="../../../librcsc_CSU_Yunlu/rcsc/rcg/parser_v1.lo" />
		<Unit filename="../../../librcsc_CSU_Yunlu/rcsc/rcg/parser_v2.cpp" />
		<Unit filename="../../../librcsc_CSU_Yunlu/rcsc/rcg/parser_v2.h" />
		<Unit filename="../../../librcsc_CSU_Yunlu/rcsc/rcg/parser_v2.lo" />
		<Unit filename="../../../librcsc_CSU_Yunlu/rcsc/rcg/parser_v3.cpp" />
		<Unit filename="../../../librcsc_CSU_Yunlu/rcsc/rcg/parser_v3.h" />
		<Unit filename="../../../librcsc_CSU_Yunlu/rcsc/rcg/parser_v3.lo" />
		<Unit filename="../../../librcsc_CSU_Yunlu/rcsc/rcg/parser_v4.cpp" />
		<Unit filename="../../../librcsc_CSU_Yunlu/rcsc/rcg/parser_v4.h" />
		<Unit filename="../../../librcsc_CSU_Yunlu/rcsc/rcg/parser_v4.lo" />
		<Unit filename="../../../librcsc_CSU_Yunlu/rcsc/rcg/parser_v5.cpp" />
		<Unit filename="../../../librcsc_CSU_Yunlu/rcsc/rcg/parser_v5.h" />
		<Unit filename="../../../librcsc_CSU_Yunlu/rcsc/rcg/parser_v5.lo" />
		<Unit filename="../../../librcsc_CSU_Yunlu/rcsc/rcg/reader.h" />
		<Unit filename="../../../librcsc_CSU_Yunlu/rcsc/rcg/serializer.cpp" />
		<Unit filename="../../../librcsc_CSU_Yunlu/rcsc/rcg/serializer.h" />
		<Unit filename="../../../librcsc_CSU_Yunlu/rcsc/rcg/serializer.lo" />
		<Unit filename="../../../librcsc_CSU_Yunlu/rcsc/rcg/serializer_v1.cpp" />
		<Unit filename="../../../librcsc_CSU_Yunlu/rcsc/rcg/serializer_v1.h" />
		<Unit filename="../../../librcsc_CSU_Yunlu/rcsc/rcg/serializer_v1.lo" />
		<Unit filename="../../../librcsc_CSU_Yunlu/rcsc/rcg/serializer_v2.cpp" />
		<Unit filename="../../../librcsc_CSU_Yunlu/rcsc/rcg/serializer_v2.h" />
		<Unit filename="../../../librcsc_CSU_Yunlu/rcsc/rcg/serializer_v2.lo" />
		<Unit filename="../../../librcsc_CSU_Yunlu/rcsc/rcg/serializer_v3.cpp" />
		<Unit filename="../../../librcsc_CSU_Yunlu/rcsc/rcg/serializer_v3.h" />
		<Unit filename="../../../librcsc_CSU_Yunlu/rcsc/rcg/serializer_v3.lo" />
		<Unit filename="../../../librcsc_CSU_Yunlu/rcsc/rcg/serializer_v4.cpp" />
		<Unit filename="../../../librcsc_CSU_Yunlu/rcsc/rcg/serializer_v4.h" />
		<Unit filename="../../../librcsc_CSU_Yunlu/rcsc/rcg/serializer_v4.lo" />
		<Unit filename="../../../librcsc_CSU_Yunlu/rcsc/rcg/serializer_v5.cpp" />
		<Unit filename="../../../librcsc_CSU_Yunlu/rcsc/rcg/serializer_v5.h" />
		<Unit filename="../../../librcsc_CSU_Yunlu/rcsc/rcg/serializer_v5.lo" />
		<Unit filename="../../../librcsc_CSU_Yunlu/rcsc/rcg/types.h" />
		<Unit filename="../../../librcsc_CSU_Yunlu/rcsc/rcg/util.cpp" />
		<Unit filename="../../../librcsc_CSU_Yunlu/rcsc/rcg/util.h" />
		<Unit filename="../../../librcsc_CSU_Yunlu/rcsc/rcg/util.lo" />
		<Unit filename="../../../librcsc_CSU_Yunlu/rcsc/soccer_math.h" />
		<Unit filename="../../../librcsc_CSU_Yunlu/rcsc/time/Makefile" />
		<Unit filename="../../../librcsc_CSU_Yunlu/rcsc/time/Makefile.am" />
		<Unit filename="../../../librcsc_CSU_Yunlu/rcsc/time/Makefile.in" />
		<Unit filename="../../../librcsc_CSU_Yunlu/rcsc/time/librcsc_time.la" />
		<Unit filename="../../../librcsc_CSU_Yunlu/rcsc/time/timer.cpp" />
		<Unit filename="../../../librcsc_CSU_Yunlu/rcsc/time/timer.h" />
		<Unit filename="../../../librcsc_CSU_Yunlu/rcsc/time/timer.lo" />
		<Unit filename="../../../librcsc_CSU_Yunlu/rcsc/timer.h" />
		<Unit filename="../../../librcsc_CSU_Yunlu/rcsc/trainer/Makefile" />
		<Unit filename="../../../librcsc_CSU_Yunlu/rcsc/trainer/Makefile.am" />
		<Unit filename="../../../librcsc_CSU_Yunlu/rcsc/trainer/Makefile.in" />
		<Unit filename="../../../librcsc_CSU_Yunlu/rcsc/trainer/librcsc_trainer.la" />
		<Unit filename="../../../librcsc_CSU_Yunlu/rcsc/trainer/trainer_agent.cpp" />
		<Unit filename="../../../librcsc_CSU_Yunlu/rcsc/trainer/trainer_agent.h" />
		<Unit filename="../../../librcsc_CSU_Yunlu/rcsc/trainer/trainer_agent.lo" />
		<Unit filename="../../../librcsc_CSU_Yunlu/rcsc/trainer/trainer_command.cpp" />
		<Unit filename="../../../librcsc_CSU_Yunlu/rcsc/trainer/trainer_command.h" />
		<Unit filename="../../../librcsc_CSU_Yunlu/rcsc/trainer/trainer_command.lo" />
		<Unit filename="../../../librcsc_CSU_Yunlu/rcsc/trainer/trainer_config.cpp" />
		<Unit filename="../../../librcsc_CSU_Yunlu/rcsc/trainer/trainer_config.h" />
		<Unit filename="../../../librcsc_CSU_Yunlu/rcsc/trainer/trainer_config.lo" />
		<Unit filename="../../../librcsc_CSU_Yunlu/rcsc/types.h" />
		<Unit filename="../../../librcsc_CSU_Yunlu/rcsc/util/Makefile" />
		<Unit filename="../../../librcsc_CSU_Yunlu/rcsc/util/Makefile.am" />
		<Unit filename="../../../librcsc_CSU_Yunlu/rcsc/util/Makefile.in" />
		<Unit filename="../../../librcsc_CSU_Yunlu/rcsc/util/game_mode.cpp" />
		<Unit filename="../../../librcsc_CSU_Yunlu/rcsc/util/game_mode.lo" />
		<Unit filename="../../../librcsc_CSU_Yunlu/rcsc/util/librcsc_util.la" />
		<Unit filename="../../../librcsc_CSU_Yunlu/rcsc/util/soccer_math.cpp" />
		<Unit filename="../../../librcsc_CSU_Yunlu/rcsc/util/soccer_math.lo" />
		<Unit filename="../../../librcsc_CSU_Yunlu/rcsc/util/version.cpp" />
		<Unit filename="../../../librcsc_CSU_Yunlu/rcsc/util/version.lo" />
		<Unit filename="../../../librcsc_CSU_Yunlu/rcsc/version.h" />
		<Unit filename="../../../librcsc_CSU_Yunlu/src/Makefile" />
		<Unit filename="../../../librcsc_CSU_Yunlu/src/Makefile.am" />
		<Unit filename="../../../librcsc_CSU_Yunlu/src/Makefile.in" />
		<Unit filename="../../../librcsc_CSU_Yunlu/src/rcg2txt" />
		<Unit filename="../../../librcsc_CSU_Yunlu/src/rcg2txt-rcg2txt.o" />
		<Unit filename="../../../librcsc_CSU_Yunlu/src/rcg2txt.cpp" />
		<Unit filename="../../../librcsc_CSU_Yunlu/src/rcgrenameteam" />
		<Unit filename="../../../librcsc_CSU_Yunlu/src/rcgrenameteam-rcgrenameteam.o" />
		<Unit filename="../../../librcsc_CSU_Yunlu/src/rcgrenameteam.cpp" />
		<Unit filename="../../../librcsc_CSU_Yunlu/src/rcgresultprinter" />
		<Unit filename="../../../librcsc_CSU_Yunlu/src/rcgresultprinter-resultprinter.o" />
		<Unit filename="../../../librcsc_CSU_Yunlu/src/rcgreverse" />
		<Unit filename="../../../librcsc_CSU_Yunlu/src/rcgreverse-rcgreverse.o" />
		<Unit filename="../../../librcsc_CSU_Yunlu/src/rcgreverse.cpp" />
		<Unit filename="../../../librcsc_CSU_Yunlu/src/rcgverconv" />
		<Unit filename="../../../librcsc_CSU_Yunlu/src/rcgverconv.cpp" />
		<Unit filename="../../../librcsc_CSU_Yunlu/src/rcgverconv.o" />
		<Unit filename="../../../librcsc_CSU_Yunlu/src/rcgversion" />
		<Unit filename="../../../librcsc_CSU_Yunlu/src/rcgversion-rcgversion.o" />
		<Unit filename="../../../librcsc_CSU_Yunlu/src/rcgversion.cpp" />
		<Unit filename="../../../librcsc_CSU_Yunlu/src/rclmscheduler" />
		<Unit filename="../../../librcsc_CSU_Yunlu/src/rclmscheduler-scheduler.o" />
		<Unit filename="../../../librcsc_CSU_Yunlu/src/rclmtableprinter" />
		<Unit filename="../../../librcsc_CSU_Yunlu/src/rclmtableprinter-tableprinter.o" />
		<Unit filename="../../../librcsc_CSU_Yunlu/src/resultprinter.cpp" />
		<Unit filename="../../../librcsc_CSU_Yunlu/src/scheduler.cpp" />
		<Unit filename="../../../librcsc_CSU_Yunlu/src/tableprinter.cpp" />
		<Unit filename="../../../librcsc_CSU_Yunlu/stamp-h1" />
		<Unit filename="../Makefile" />
		<Unit filename="../Makefile.am" />
		<Unit filename="../Makefile.in" />
		<Unit filename="../bhv_attackers_move.cpp" />
		<Unit filename="../bhv_attackers_move.h" />
		<Unit filename="../bhv_attackers_move.o" />
		<Unit filename="../bhv_basic_move.cpp" />
		<Unit filename="../bhv_basic_move.h" />
		<Unit filename="../bhv_basic_move.o" />
		<Unit filename="../bhv_basic_offensive_kick.cpp" />
		<Unit filename="../bhv_basic_offensive_kick.h" />
		<Unit filename="../bhv_basic_tackle.cpp" />
		<Unit filename="../bhv_basic_tackle.h" />
		<Unit filename="../bhv_custom_before_kick_off.cpp" />
		<Unit filename="../bhv_custom_before_kick_off.h" />
		<Unit filename="../bhv_dangerAreaTackle.cpp" />
		<Unit filename="../bhv_dangerAreaTackle.h" />
		<Unit filename="../bhv_go_to_static_ball.cpp" />
		<Unit filename="../bhv_go_to_static_ball.h" />
		<Unit filename="../bhv_goalie_basic_move.cpp" />
		<Unit filename="../bhv_goalie_basic_move.h" />
		<Unit filename="../bhv_goalie_chase_ball.cpp" />
		<Unit filename="../bhv_goalie_chase_ball.h" />
		<Unit filename="../bhv_goalie_free_kick.cpp" />
		<Unit filename="../bhv_goalie_free_kick.h" />
		<Unit filename="../bhv_penalty_kick.cpp" />
		<Unit filename="../bhv_penalty_kick.h" />
		<Unit filename="../bhv_prepare_set_play_kick.cpp" />
		<Unit filename="../bhv_prepare_set_play_kick.h" />
		<Unit filename="../bhv_set_play.cpp" />
		<Unit filename="../bhv_set_play.h" />
		<Unit filename="../bhv_set_play_free_kick.cpp" />
		<Unit filename="../bhv_set_play_free_kick.h" />
		<Unit filename="../bhv_set_play_goal_kick.cpp" />
		<Unit filename="../bhv_set_play_goal_kick.h" />
		<Unit filename="../bhv_set_play_indirect_free_kick.cpp" />
		<Unit filename="../bhv_set_play_indirect_free_kick.h" />
		<Unit filename="../bhv_set_play_kick_in.cpp" />
		<Unit filename="../bhv_set_play_kick_in.h" />
		<Unit filename="../bhv_set_play_kick_off.cpp" />
		<Unit filename="../bhv_set_play_kick_off.h" />
		<Unit filename="../bhv_their_goal_kick_move.cpp" />
		<Unit filename="../bhv_their_goal_kick_move.h" />
		<Unit filename="../centerbackstrange" />
		<Unit filename="../chain_action/actgen_action_chain_length_filter.h" />
		<Unit filename="../chain_action/actgen_cross.cpp" />
		<Unit filename="../chain_action/actgen_cross.h" />
		<Unit filename="../chain_action/actgen_direct_pass.cpp" />
		<Unit filename="../chain_action/actgen_direct_pass.h" />
		<Unit filename="../chain_action/actgen_self_pass.cpp" />
		<Unit filename="../chain_action/actgen_self_pass.h" />
		<Unit filename="../chain_action/actgen_shoot.cpp" />
		<Unit filename="../chain_action/actgen_shoot.h" />
		<Unit filename="../chain_action/actgen_short_dribble.cpp" />
		<Unit filename="../chain_action/actgen_short_dribble.h" />
		<Unit filename="../chain_action/actgen_simple_dribble.cpp" />
		<Unit filename="../chain_action/actgen_simple_dribble.h" />
		<Unit filename="../chain_action/actgen_strict_check_pass.cpp" />
		<Unit filename="../chain_action/actgen_strict_check_pass.h" />
		<Unit filename="../chain_action/action_chain_graph.cpp" />
		<Unit filename="../chain_action/action_chain_graph.h" />
		<Unit filename="../chain_action/action_chain_graph.o" />
		<Unit filename="../chain_action/action_chain_holder.cpp" />
		<Unit filename="../chain_action/action_chain_holder.h" />
		<Unit filename="../chain_action/action_generator.h" />
		<Unit filename="../chain_action/action_state_pair.h" />
		<Unit filename="../chain_action/bhv_chain_action.cpp" />
		<Unit filename="../chain_action/bhv_chain_action.h" />
		<Unit filename="../chain_action/bhv_chain_action.o" />
		<Unit filename="../chain_action/bhv_normal_dribble.cpp" />
		<Unit filename="../chain_action/bhv_normal_dribble.h" />
		<Unit filename="../chain_action/bhv_normal_dribble.o" />
		<Unit filename="../chain_action/bhv_pass_kick_find_receiver.cpp" />
		<Unit filename="../chain_action/bhv_pass_kick_find_receiver.h" />
		<Unit filename="../chain_action/bhv_strict_check_shoot.cpp" />
		<Unit filename="../chain_action/bhv_strict_check_shoot.h" />
		<Unit filename="../chain_action/body_force_shoot.cpp" />
		<Unit filename="../chain_action/body_force_shoot.h" />
		<Unit filename="../chain_action/clear_ball.cpp" />
		<Unit filename="../chain_action/clear_ball.h" />
		<Unit filename="../chain_action/clear_generator.cpp" />
		<Unit filename="../chain_action/clear_generator.h" />
		<Unit filename="../chain_action/clear_generator.o" />
		<Unit filename="../chain_action/cooperative_action.cpp" />
		<Unit filename="../chain_action/cooperative_action.h" />
		<Unit filename="../chain_action/cross_generator.cpp" />
		<Unit filename="../chain_action/cross_generator.h" />
		<Unit filename="../chain_action/dribble.cpp" />
		<Unit filename="../chain_action/dribble.h" />
		<Unit filename="../chain_action/field_analyzer.cpp" />
		<Unit filename="../chain_action/field_analyzer.cpp.autosave" />
		<Unit filename="../chain_action/field_analyzer.h" />
		<Unit filename="../chain_action/field_analyzer.o" />
		<Unit filename="../chain_action/field_evaluator.h" />
		<Unit filename="../chain_action/hold_ball.cpp" />
		<Unit filename="../chain_action/hold_ball.h" />
		<Unit filename="../chain_action/neck_turn_to_receiver.cpp" />
		<Unit filename="../chain_action/neck_turn_to_receiver.h" />
		<Unit filename="../chain_action/pass.cpp" />
		<Unit filename="../chain_action/pass.h" />
		<Unit filename="../chain_action/pass_checker.h" />
		<Unit filename="../chain_action/predict_ball_object.h" />
		<Unit filename="../chain_action/predict_player_object.h" />
		<Unit filename="../chain_action/predict_state.cpp" />
		<Unit filename="../chain_action/predict_state.h" />
		<Unit filename="../chain_action/predict_state.o" />
		<Unit filename="../chain_action/self_pass_generator.cpp" />
		<Unit filename="../chain_action/self_pass_generator.h" />
		<Unit filename="../chain_action/shoot.cpp" />
		<Unit filename="../chain_action/shoot.h" />
		<Unit filename="../chain_action/shoot_generator.cpp" />
		<Unit filename="../chain_action/shoot_generator.h" />
		<Unit filename="../chain_action/short_dribble_generator.cpp" />
		<Unit filename="../chain_action/short_dribble_generator.h" />
		<Unit filename="../chain_action/short_dribble_generator.o" />
		<Unit filename="../chain_action/simple_pass_checker.cpp" />
		<Unit filename="../chain_action/simple_pass_checker.h" />
		<Unit filename="../chain_action/strict_check_pass_generator.cpp" />
		<Unit filename="../chain_action/strict_check_pass_generator.h" />
		<Unit filename="../chain_action/strict_check_pass_generator.o" />
		<Unit filename="../chain_action/tackle_generator.cpp" />
		<Unit filename="../chain_action/tackle_generator.h" />
		<Unit filename="../chain_action/tackle_generator.o" />
		<Unit filename="../coach.conf" />
		<Unit filename="../communication.h" />
		<Unit filename="../csu_coach" />
		<Unit filename="../csu_coach-main_coach.o" />
		<Unit filename="../csu_coach-sample_coach.o" />
		<Unit filename="../csu_player" />
		<Unit filename="../csu_player-actgen_cross.o" />
		<Unit filename="../csu_player-actgen_direct_pass.o" />
		<Unit filename="../csu_player-actgen_self_pass.o" />
		<Unit filename="../csu_player-actgen_shoot.o" />
		<Unit filename="../csu_player-actgen_short_dribble.o" />
		<Unit filename="../csu_player-actgen_simple_dribble.o" />
		<Unit filename="../csu_player-actgen_strict_check_pass.o" />
		<Unit filename="../csu_player-action_chain_graph.o" />
		<Unit filename="../csu_player-action_chain_holder.o" />
		<Unit filename="../csu_player-bhv_attackers_move.o" />
		<Unit filename="../csu_player-bhv_basic_move.o" />
		<Unit filename="../csu_player-bhv_basic_offensive_kick.o" />
		<Unit filename="../csu_player-bhv_basic_tackle.o" />
		<Unit filename="../csu_player-bhv_chain_action.o" />
		<Unit filename="../csu_player-bhv_custom_before_kick_off.o" />
		<Unit filename="../csu_player-bhv_dangerAreaTackle.o" />
		<Unit filename="../csu_player-bhv_go_to_static_ball.o" />
		<Unit filename="../csu_player-bhv_goalie_basic_move.o" />
		<Unit filename="../csu_player-bhv_goalie_chase_ball.o" />
		<Unit filename="../csu_player-bhv_goalie_free_kick.o" />
		<Unit filename="../csu_player-bhv_normal_dribble.o" />
		<Unit filename="../csu_player-bhv_pass_kick_find_receiver.o" />
		<Unit filename="../csu_player-bhv_penalty_kick.o" />
		<Unit filename="../csu_player-bhv_prepare_set_play_kick.o" />
		<Unit filename="../csu_player-bhv_set_play.o" />
		<Unit filename="../csu_player-bhv_set_play_free_kick.o" />
		<Unit filename="../csu_player-bhv_set_play_goal_kick.o" />
		<Unit filename="../csu_player-bhv_set_play_indirect_free_kick.o" />
		<Unit filename="../csu_player-bhv_set_play_kick_in.o" />
		<Unit filename="../csu_player-bhv_set_play_kick_off.o" />
		<Unit filename="../csu_player-bhv_strict_check_shoot.o" />
		<Unit filename="../csu_player-bhv_their_goal_kick_move.o" />
		<Unit filename="../csu_player-body_force_shoot.o" />
		<Unit filename="../csu_player-clear_ball.o" />
		<Unit filename="../csu_player-clear_generator.o" />
		<Unit filename="../csu_player-cooperative_action.o" />
		<Unit filename="../csu_player-cross_generator.o" />
		<Unit filename="../csu_player-dribble.o" />
		<Unit filename="../csu_player-field_analyzer.o" />
		<Unit filename="../csu_player-hold_ball.o" />
		<Unit filename="../csu_player-intention_receive.o" />
		<Unit filename="../csu_player-intention_wait_after_set_play_kick.o" />
		<Unit filename="../csu_player-keepaway_communication.o" />
		<Unit filename="../csu_player-main_player.o" />
		<Unit filename="../csu_player-neck_default_intercept_neck.o" />
		<Unit filename="../csu_player-neck_goalie_turn_neck.o" />
		<Unit filename="../csu_player-neck_offensive_intercept_neck.o" />
		<Unit filename="../csu_player-neck_turn_to_receiver.o" />
		<Unit filename="../csu_player-pass.o" />
		<Unit filename="../csu_player-predict_state.o" />
		<Unit filename="../csu_player-role_center_back.o" />
		<Unit filename="../csu_player-role_center_back_move.o" />
		<Unit filename="../csu_player-role_center_forward.o" />
		<Unit filename="../csu_player-role_defensive_half.o" />
		<Unit filename="../csu_player-role_defensive_half_move.o" />
		<Unit filename="../csu_player-role_goalie.o" />
		<Unit filename="../csu_player-role_keepaway_keeper.o" />
		<Unit filename="../csu_player-role_keepaway_taker.o" />
		<Unit filename="../csu_player-role_offensive_half.o" />
		<Unit filename="../csu_player-role_offensive_half_move.o" />
		<Unit filename="../csu_player-role_sample.o" />
		<Unit filename="../csu_player-role_side_back.o" />
		<Unit filename="../csu_player-role_side_back_move.o" />
		<Unit filename="../csu_player-role_side_forward.o" />
		<Unit filename="../csu_player-role_side_half.o" />
		<Unit filename="../csu_player-sample_communication.o" />
		<Unit filename="../csu_player-sample_field_evaluator.o" />
		<Unit filename="../csu_player-sample_player.o" />
		<Unit filename="../csu_player-self_pass_generator.o" />
		<Unit filename="../csu_player-shoot.o" />
		<Unit filename="../csu_player-shoot_generator.o" />
		<Unit filename="../csu_player-short_dribble_generator.o" />
		<Unit filename="../csu_player-simple_pass_checker.o" />
		<Unit filename="../csu_player-soccer_role.o" />
		<Unit filename="../csu_player-strategy.o" />
		<Unit filename="../csu_player-strict_check_pass_generator.o" />
		<Unit filename="../csu_player-tackle_generator.o" />
		<Unit filename="../csu_player-view_tactical.o" />
		<Unit filename="../csu_trainer" />
		<Unit filename="../csu_trainer-main_trainer.o" />
		<Unit filename="../csu_trainer-sample_trainer.o" />
		<Unit filename="../formations-dt/before-kick-off.conf" />
		<Unit filename="../formations-dt/before-kick-off.conf.20110810-131239" />
		<Unit filename="../formations-dt/defense-formation.conf" />
		<Unit filename="../formations-dt/defense-formation.conf.20110809-030239" />
		<Unit filename="../formations-dt/defense-formation.conf.20110809-031637" />
		<Unit filename="../formations-dt/defense-formation.conf.20110809-032001" />
		<Unit filename="../formations-dt/defense-formation.conf.20110809-092736" />
		<Unit filename="../formations-dt/defense-formation.conf.20110810-020608" />
		<Unit filename="../formations-dt/defense-formation.conf.20110810-125243" />
		<Unit filename="../formations-dt/defense-formation.conf.20110814-012902" />
		<Unit filename="../formations-dt/defense-formation.conf.20110814-013028" />
		<Unit filename="../formations-dt/defense-formation.conf.20110814-170707" />
		<Unit filename="../formations-dt/defense-formation.conf.20110814-170718" />
		<Unit filename="../formations-dt/defense-formation.conf.20110814-170734" />
		<Unit filename="../formations-dt/defense-formation.conf.20140729-153603" />
		<Unit filename="../formations-dt/defense-formation.conf.20140828-145858" />
		<Unit filename="../formations-dt/defense-formation.conf.20140904-083510" />
		<Unit filename="../formations-dt/defense-formation.conf.20140904-101859" />
		<Unit filename="../formations-dt/defense-formation.conf.20140904-200644" />
		<Unit filename="../formations-dt/defense-formation.conf.20140905-153301" />
		<Unit filename="../formations-dt/defense-formation.conf.20140907-144846" />
		<Unit filename="../formations-dt/defense-formation.conf.20140907-153010" />
		<Unit filename="../formations-dt/defense-formation.conf.20140907-165837" />
		<Unit filename="../formations-dt/defense-formation.conf.20140909-193656" />
		<Unit filename="../formations-dt/defense-formation.conf.20140910-115806" />
		<Unit filename="../formations-dt/defense-formation.conf.20140910-120238" />
		<Unit filename="../formations-dt/defense-formation.conf.20140910-233422" />
		<Unit filename="../formations-dt/defense-formation.conf.20140910-234906" />
		<Unit filename="../formations-dt/defense-formation.conf.20140928-231308" />
		<Unit filename="../formations-dt/defense-formation.conf.20140929-074457" />
		<Unit filename="../formations-dt/defense-formation.conf.20140929-082619" />
		<Unit filename="../formations-dt/defense-formation.conf.20140929-091655" />
		<Unit filename="../formations-dt/defense-formation.conf.20140929-112412" />
		<Unit filename="../formations-dt/defense-formation.conf.20140930-173234" />
		<Unit filename="../formations-dt/goal-kick-opp.conf" />
		<Unit filename="../formations-dt/goal-kick-our.conf" />
		<Unit filename="../formations-dt/goalie-catch-opp.conf" />
		<Unit filename="../formations-dt/goalie-catch-our.conf" />
		<Unit filename="../formations-dt/goalie-formation.conf" />
		<Unit filename="../formations-dt/indirect-freekick-opp-formation.conf" />
		<Unit filename="../formations-dt/indirect-freekick-opp-formation.conf.20180412-162548" />
		<Unit filename="../formations-dt/indirect-freekick-opp-formation.conf.20180412-172008" />
		<Unit filename="../formations-dt/indirect-freekick-opp-formation.conf.20180412-173024" />
		<Unit filename="../formations-dt/indirect-freekick-opp-formation.conf.20180412-173045" />
		<Unit filename="../formations-dt/indirect-freekick-opp-formation.conf.20180412-173109" />
		<Unit filename="../formations-dt/indirect-freekick-opp-formation.conf.20180412-173146" />
		<Unit filename="../formations-dt/indirect-freekick-opp-formation.conf.20180412-173218" />
		<Unit filename="../formations-dt/indirect-freekick-opp-formation.conf.20180412-204457" />
		<Unit filename="../formations-dt/indirect-freekick-opp-formation.conf.20180412-213239" />
		<Unit filename="../formations-dt/indirect-freekick-opp-formation.conf.20180412-213302" />
		<Unit filename="../formations-dt/indirect-freekick-opp-formation.conf.20180412-215952" />
		<Unit filename="../formations-dt/indirect-freekick-our-formation.conf" />
		<Unit filename="../formations-dt/indirect-freekick-our-formation.conf.20140905-153841" />
		<Unit filename="../formations-dt/kickin-our-formation.conf" />
		<Unit filename="../formations-dt/kickin-our-formation.conf.20140904-095013" />
		<Unit filename="../formations-dt/kickin-our-formation.conf.20190414-171919" />
		<Unit filename="../formations-dt/kickin-our-formation.conf.20190414-171920" />
		<Unit filename="../formations-dt/kickin-our-formation.conf.20190414-174543" />
		<Unit filename="../formations-dt/kickin-our-formation.conf.20190414-174544" />
		<Unit filename="../formations-dt/normal-formation.conf" />
		<Unit filename="../formations-dt/offense-formation-helios.conf" />
		<Unit filename="../formations-dt/offense-formation.conf" />
		<Unit filename="../formations-dt/offense-formation.conf.20140828-160804" />
		<Unit filename="../formations-dt/offense-formation.conf.20140904-094434" />
		<Unit filename="../formations-dt/offense-formation.conf.20140907-154451" />
		<Unit filename="../formations-dt/offense-formation.conf.20140907-161601" />
		<Unit filename="../formations-dt/offense-formation.conf.20150817-111946" />
		<Unit filename="../formations-dt/offense-formation.conf.20150820-144619" />
		<Unit filename="../formations-dt/setplay-opp-formation.conf" />
		<Unit filename="../formations-dt/setplay-our-formation.conf" />
		<Unit filename="../formations-dt/setplay-our-formation.conf.20140905-153528" />
		<Unit filename="../formations-dt/v2" />
		<Unit filename="../formations-dt/感觉有用" />
		<Unit filename="../formations-dt/感觉有用-1.0" />
		<Unit filename="../formations-dt/感觉有用-1.3" />
		<Unit filename="../formations-keeper/before-kick-off.conf" />
		<Unit filename="../formations-keeper/defense-formation.conf" />
		<Unit filename="../formations-keeper/goal-kick-opp.conf" />
		<Unit filename="../formations-keeper/goal-kick-our.conf" />
		<Unit filename="../formations-keeper/goalie-catch-opp.conf" />
		<Unit filename="../formations-keeper/goalie-catch-our.conf" />
		<Unit filename="../formations-keeper/goalie-formation.conf" />
		<Unit filename="../formations-keeper/indirect-freekick-opp-formation.conf" />
		<Unit filename="../formations-keeper/indirect-freekick-our-formation.conf" />
		<Unit filename="../formations-keeper/kickin-our-formation.conf" />
		<Unit filename="../formations-keeper/normal-formation.conf" />
		<Unit filename="../formations-keeper/offense-formation.conf" />
		<Unit filename="../formations-keeper/setplay-opp-formation.conf" />
		<Unit filename="../formations-keeper/setplay-our-formation.conf" />
		<Unit filename="../formations-taker/before-kick-off.conf" />
		<Unit filename="../formations-taker/defense-formation.conf" />
		<Unit filename="../formations-taker/goal-kick-opp.conf" />
		<Unit filename="../formations-taker/goal-kick-our.conf" />
		<Unit filename="../formations-taker/goalie-catch-opp.conf" />
		<Unit filename="../formations-taker/goalie-catch-our.conf" />
		<Unit filename="../formations-taker/goalie-formation.conf" />
		<Unit filename="../formations-taker/indirect-freekick-opp-formation.conf" />
		<Unit filename="../formations-taker/indirect-freekick-our-formation.conf" />
		<Unit filename="../formations-taker/kickin-our-formation.conf" />
		<Unit filename="../formations-taker/normal-formation.conf" />
		<Unit filename="../formations-taker/offense-formation.conf" />
		<Unit filename="../formations-taker/setplay-opp-formation.conf" />
		<Unit filename="../formations-taker/setplay-our-formation.conf" />
		<Unit filename="../intention_receive.cpp" />
		<Unit filename="../intention_receive.h" />
		<Unit filename="../intention_wait_after_set_play_kick.cpp" />
		<Unit filename="../intention_wait_after_set_play_kick.h" />
		<Unit filename="../keepaway.sh" />
		<Unit filename="../keepaway.sh.in" />
		<Unit filename="../keepaway_communication.cpp" />
		<Unit filename="../keepaway_communication.h" />
		<Unit filename="../log" />
		<Unit filename="../main_coach.cpp" />
		<Unit filename="../main_player.cpp" />
		<Unit filename="../main_trainer.cpp" />
		<Unit filename="../neck_default_intercept_neck.cpp" />
		<Unit filename="../neck_default_intercept_neck.h" />
		<Unit filename="../neck_goalie_turn_neck.cpp" />
		<Unit filename="../neck_goalie_turn_neck.h" />
		<Unit filename="../neck_offensive_intercept_neck.cpp" />
		<Unit filename="../neck_offensive_intercept_neck.h" />
		<Unit filename="../player.conf" />
		<Unit filename="../role_center_back.cpp" />
		<Unit filename="../role_center_back.h" />
		<Unit filename="../role_center_back_move.cpp" />
		<Unit filename="../role_center_back_move.h" />
		<Unit filename="../role_center_back_move.o" />
		<Unit filename="../role_center_forward.cpp" />
		<Unit filename="../role_center_forward.h" />
		<Unit filename="../role_defensive_half.cpp" />
		<Unit filename="../role_defensive_half.h" />
		<Unit filename="../role_defensive_half_move.cpp" />
		<Unit filename="../role_defensive_half_move.h" />
		<Unit filename="../role_goalie.cpp" />
		<Unit filename="../role_goalie.h" />
		<Unit filename="../role_keepaway_keeper.cpp" />
		<Unit filename="../role_keepaway_keeper.h" />
		<Unit filename="../role_keepaway_taker.cpp" />
		<Unit filename="../role_keepaway_taker.h" />
		<Unit filename="../role_offensive_half.cpp" />
		<Unit filename="../role_offensive_half.h" />
		<Unit filename="../role_offensive_half_move.cpp" />
		<Unit filename="../role_offensive_half_move.h" />
		<Unit filename="../role_sample.cpp" />
		<Unit filename="../role_sample.h" />
		<Unit filename="../role_side_back.cpp" />
		<Unit filename="../role_side_back.h" />
		<Unit filename="../role_side_back_move.cpp" />
		<Unit filename="../role_side_back_move.h" />
		<Unit filename="../role_side_back_org.cpp" />
		<Unit filename="../role_side_forward.cpp" />
		<Unit filename="../role_side_forward.h" />
		<Unit filename="../role_side_half.cpp" />
		<Unit filename="../role_side_half.h" />
		<Unit filename="../sample_coach.cpp" />
		<Unit filename="../sample_coach.h" />
		<Unit filename="../sample_communication.cpp" />
		<Unit filename="../sample_communication.h" />
		<Unit filename="../sample_field_evaluator.cpp" />
		<Unit filename="../sample_field_evaluator.h" />
		<Unit filename="../sample_player.cpp" />
		<Unit filename="../sample_player.h" />
		<Unit filename="../sample_trainer.cpp" />
		<Unit filename="../sample_trainer.h" />
		<Unit filename="../soccer_role.cpp" />
		<Unit filename="../soccer_role.h" />
		<Unit filename="../start-debug.sh" />
		<Unit filename="../start-offline.sh" />
		<Unit filename="../start.sh" />
		<Unit filename="../start.sh.in" />
		<Unit filename="../startdefensive.sh" />
		<Unit filename="../strategy.cpp" />
		<Unit filename="../strategy.h" />
		<Unit filename="../team_logo.xpm" />
		<Unit filename="../train.sh" />
		<Unit filename="../train.sh.in" />
		<Unit filename="../view_tactical.cpp" />
		<Unit filename="../view_tactical.h" />
		<Unit filename="cza1.layout" />
		<Extensions>
			<envvars />
			<code_completion />
			<lib_finder disable_auto="1" />
			<debugger />
		</Extensions>
	</Project>
</CodeBlocks_project_file>
